// !$*UTF8*$!
{
	archiveVersion = 1;
	classes = {
	};
	objectVersion = 51;
	objects = {

/* Begin PBXBuildFile section */
		058758742460F524004C956E /* WebSocketViewController.swift in Sources */ = {isa = PBXBuildFile; fileRef = 058758732460F524004C956E /* WebSocketViewController.swift */; };
		0592279B245F964800654A3E /* AppDelegate.swift in Sources */ = {isa = PBXBuildFile; fileRef = 0592279A245F964800654A3E /* AppDelegate.swift */; };
		0592279D245F964800654A3E /* SceneDelegate.swift in Sources */ = {isa = PBXBuildFile; fileRef = 0592279C245F964800654A3E /* SceneDelegate.swift */; };
		0592279F245F964800654A3E /* AjaxViewController.swift in Sources */ = {isa = PBXBuildFile; fileRef = 0592279E245F964800654A3E /* AjaxViewController.swift */; };
		059227A2245F964800654A3E /* Main.storyboard in Resources */ = {isa = PBXBuildFile; fileRef = 059227A0245F964800654A3E /* Main.storyboard */; };
		059227A4245F964900654A3E /* Assets.xcassets in Resources */ = {isa = PBXBuildFile; fileRef = 059227A3245F964900654A3E /* Assets.xcassets */; };
		059227A7245F964900654A3E /* LaunchScreen.storyboard in Resources */ = {isa = PBXBuildFile; fileRef = 059227A5245F964900654A3E /* LaunchScreen.storyboard */; };
		05ED382F2460EA42008F1C67 /* ServerSide in Resources */ = {isa = PBXBuildFile; fileRef = 05ED382E2460EA42008F1C67 /* ServerSide */; };
		8A3A0C71E6205B08E6A5BD7E /* Pods_swiftNodeConnectionPractice.framework in Frameworks */ = {isa = PBXBuildFile; fileRef = 2F3DD644117CE536D1259347 /* Pods_swiftNodeConnectionPractice.framework */; };
/* End PBXBuildFile section */

/* Begin PBXFileReference section */
		058758732460F524004C956E /* WebSocketViewController.swift */ = {isa = PBXFileReference; lastKnownFileType = sourcecode.swift; path = WebSocketViewController.swift; sourceTree = "<group>"; };
		05922797245F964800654A3E /* swiftNodeConnectionPractice.app */ = {isa = PBXFileReference; explicitFileType = wrapper.application; includeInIndex = 0; path = swiftNodeConnectionPractice.app; sourceTree = BUILT_PRODUCTS_DIR; };
		0592279A245F964800654A3E /* AppDelegate.swift */ = {isa = PBXFileReference; lastKnownFileType = sourcecode.swift; path = AppDelegate.swift; sourceTree = "<group>"; };
		0592279C245F964800654A3E /* SceneDelegate.swift */ = {isa = PBXFileReference; lastKnownFileType = sourcecode.swift; path = SceneDelegate.swift; sourceTree = "<group>"; };
		0592279E245F964800654A3E /* AjaxViewController.swift */ = {isa = PBXFileReference; lastKnownFileType = sourcecode.swift; path = AjaxViewController.swift; sourceTree = "<group>"; };
		059227A1245F964800654A3E /* Base */ = {isa = PBXFileReference; lastKnownFileType = file.storyboard; name = Base; path = Base.lproj/Main.storyboard; sourceTree = "<group>"; };
		059227A3245F964900654A3E /* Assets.xcassets */ = {isa = PBXFileReference; lastKnownFileType = folder.assetcatalog; path = Assets.xcassets; sourceTree = "<group>"; };
		059227A6245F964900654A3E /* Base */ = {isa = PBXFileReference; lastKnownFileType = file.storyboard; name = Base; path = Base.lproj/LaunchScreen.storyboard; sourceTree = "<group>"; };
		059227A8245F964900654A3E /* Info.plist */ = {isa = PBXFileReference; lastKnownFileType = text.plist.xml; path = Info.plist; sourceTree = "<group>"; };
		05ED382E2460EA42008F1C67 /* ServerSide */ = {isa = PBXFileReference; lastKnownFileType = folder; path = ServerSide; sourceTree = "<group>"; };
		25FEF4CD7FC4347EF2BBB8B4 /* Pods-swiftNodeConnectionPractice.release.xcconfig */ = {isa = PBXFileReference; includeInIndex = 1; lastKnownFileType = text.xcconfig; name = "Pods-swiftNodeConnectionPractice.release.xcconfig"; path = "Target Support Files/Pods-swiftNodeConnectionPractice/Pods-swiftNodeConnectionPractice.release.xcconfig"; sourceTree = "<group>"; };
		2F3DD644117CE536D1259347 /* Pods_swiftNodeConnectionPractice.framework */ = {isa = PBXFileReference; explicitFileType = wrapper.framework; includeInIndex = 0; path = Pods_swiftNodeConnectionPractice.framework; sourceTree = BUILT_PRODUCTS_DIR; };
		8FB79E81027581D10F1518F0 /* Pods-swiftNodeConnectionPractice.debug.xcconfig */ = {isa = PBXFileReference; includeInIndex = 1; lastKnownFileType = text.xcconfig; name = "Pods-swiftNodeConnectionPractice.debug.xcconfig"; path = "Target Support Files/Pods-swiftNodeConnectionPractice/Pods-swiftNodeConnectionPractice.debug.xcconfig"; sourceTree = "<group>"; };
/* End PBXFileReference section */

/* Begin PBXFrameworksBuildPhase section */
		05922794245F964800654A3E /* Frameworks */ = {
			isa = PBXFrameworksBuildPhase;
			buildActionMask = 2147483647;
			files = (
				8A3A0C71E6205B08E6A5BD7E /* Pods_swiftNodeConnectionPractice.framework in Frameworks */,
			);
			runOnlyForDeploymentPostprocessing = 0;
		};
/* End PBXFrameworksBuildPhase section */

/* Begin PBXGroup section */
		0592278E245F964800654A3E = {
			isa = PBXGroup;
			children = (
				05922799245F964800654A3E /* swiftNodeConnectionPractice */,
				05922798245F964800654A3E /* Products */,
				380D96C221946B94A37A41EA /* Pods */,
				A6656437F8F4668D40B1F8B6 /* Frameworks */,
			);
			sourceTree = "<group>";
		};
		05922798245F964800654A3E /* Products */ = {
			isa = PBXGroup;
			children = (
				05922797245F964800654A3E /* swiftNodeConnectionPractice.app */,
			);
			name = Products;
			sourceTree = "<group>";
		};
		05922799245F964800654A3E /* swiftNodeConnectionPractice */ = {
			isa = PBXGroup;
			children = (
				0592279A245F964800654A3E /* AppDelegate.swift */,
				0592279C245F964800654A3E /* SceneDelegate.swift */,
				0592279E245F964800654A3E /* AjaxViewController.swift */,
				058758732460F524004C956E /* WebSocketViewController.swift */,
				059227A0245F964800654A3E /* Main.storyboard */,
				059227A3245F964900654A3E /* Assets.xcassets */,
				059227A5245F964900654A3E /* LaunchScreen.storyboard */,
				059227A8245F964900654A3E /* Info.plist */,
				05ED382E2460EA42008F1C67 /* ServerSide */,
			);
			path = swiftNodeConnectionPractice;
			sourceTree = "<group>";
		};
		380D96C221946B94A37A41EA /* Pods */ = {
			isa = PBXGroup;
			children = (
				8FB79E81027581D10F1518F0 /* Pods-swiftNodeConnectionPractice.debug.xcconfig */,
				25FEF4CD7FC4347EF2BBB8B4 /* Pods-swiftNodeConnectionPractice.release.xcconfig */,
			);
			path = Pods;
			sourceTree = "<group>";
		};
		A6656437F8F4668D40B1F8B6 /* Frameworks */ = {
			isa = PBXGroup;
			children = (
				2F3DD644117CE536D1259347 /* Pods_swiftNodeConnectionPractice.framework */,
			);
			name = Frameworks;
			sourceTree = "<group>";
		};
/* End PBXGroup section */

/* Begin PBXNativeTarget section */
		05922796245F964800654A3E /* swiftNodeConnectionPractice */ = {
			isa = PBXNativeTarget;
			buildConfigurationList = 059227AB245F964900654A3E /* Build configuration list for PBXNativeTarget "swiftNodeConnectionPractice" */;
			buildPhases = (
				BF0451AE6206383CF6265603 /* [CP] Check Pods Manifest.lock */,
				05922793245F964800654A3E /* Sources */,
				05922794245F964800654A3E /* Frameworks */,
				05922795245F964800654A3E /* Resources */,
				4833D64D4F471B5027C985FC /* [CP] Embed Pods Frameworks */,
			);
			buildRules = (
			);
			dependencies = (
			);
			name = swiftNodeConnectionPractice;
			productName = swiftNodeConnectionPractice;
			productReference = 05922797245F964800654A3E /* swiftNodeConnectionPractice.app */;
			productType = "com.apple.product-type.application";
		};
/* End PBXNativeTarget section */

/* Begin PBXProject section */
		0592278F245F964800654A3E /* Project object */ = {
			isa = PBXProject;
			attributes = {
				LastSwiftUpdateCheck = 1140;
				LastUpgradeCheck = 1140;
				ORGANIZATIONNAME = "Narumi Nogawa";
				TargetAttributes = {
					05922796245F964800654A3E = {
						CreatedOnToolsVersion = 11.4.1;
					};
				};
			};
			buildConfigurationList = 05922792245F964800654A3E /* Build configuration list for PBXProject "swiftNodeConnectionPractice" */;
			compatibilityVersion = "Xcode 9.3";
			developmentRegion = en;
			hasScannedForEncodings = 0;
			knownRegions = (
				en,
				Base,
			);
			mainGroup = 0592278E245F964800654A3E;
			productRefGroup = 05922798245F964800654A3E /* Products */;
			projectDirPath = "";
			projectRoot = "";
			targets = (
				05922796245F964800654A3E /* swiftNodeConnectionPractice */,
			);
		};
/* End PBXProject section */

/* Begin PBXResourcesBuildPhase section */
		05922795245F964800654A3E /* Resources */ = {
			isa = PBXResourcesBuildPhase;
			buildActionMask = 2147483647;
			files = (
				05ED382F2460EA42008F1C67 /* ServerSide in Resources */,
				059227A7245F964900654A3E /* LaunchScreen.storyboard in Resources */,
				059227A4245F964900654A3E /* Assets.xcassets in Resources */,
				059227A2245F964800654A3E /* Main.storyboard in Resources */,
			);
			runOnlyForDeploymentPostprocessing = 0;
		};
/* End PBXResourcesBuildPhase section */

/* Begin PBXShellScriptBuildPhase section */
		4833D64D4F471B5027C985FC /* [CP] Embed Pods Frameworks */ = {
			isa = PBXShellScriptBuildPhase;
			buildActionMask = 2147483647;
			files = (
			);
			inputFileListPaths = (
				"${PODS_ROOT}/Target Support Files/Pods-swiftNodeConnectionPractice/Pods-swiftNodeConnectionPractice-frameworks-${CONFIGURATION}-input-files.xcfilelist",
			);
			name = "[CP] Embed Pods Frameworks";
			outputFileListPaths = (
				"${PODS_ROOT}/Target Support Files/Pods-swiftNodeConnectionPractice/Pods-swiftNodeConnectionPractice-frameworks-${CONFIGURATION}-output-files.xcfilelist",
			);
			runOnlyForDeploymentPostprocessing = 0;
			shellPath = /bin/sh;
			shellScript = "\"${PODS_ROOT}/Target Support Files/Pods-swiftNodeConnectionPractice/Pods-swiftNodeConnectionPractice-frameworks.sh\"\n";
			showEnvVarsInLog = 0;
		};
		BF0451AE6206383CF6265603 /* [CP] Check Pods Manifest.lock */ = {
			isa = PBXShellScriptBuildPhase;
			buildActionMask = 2147483647;
			files = (
			);
			inputFileListPaths = (
			);
			inputPaths = (
				"${PODS_PODFILE_DIR_PATH}/Podfile.lock",
				"${PODS_ROOT}/Manifest.lock",
			);
			name = "[CP] Check Pods Manifest.lock";
			outputFileListPaths = (
			);
			outputPaths = (
				"$(DERIVED_FILE_DIR)/Pods-swiftNodeConnectionPractice-checkManifestLockResult.txt",
			);
			runOnlyForDeploymentPostprocessing = 0;
			shellPath = /bin/sh;
			shellScript = "diff \"${PODS_PODFILE_DIR_PATH}/Podfile.lock\" \"${PODS_ROOT}/Manifest.lock\" > /dev/null\nif [ $? != 0 ] ; then\n    # print error to STDERR\n    echo \"error: The sandbox is not in sync with the Podfile.lock. Run 'pod install' or update your CocoaPods installation.\" >&2\n    exit 1\nfi\n# This output is used by Xcode 'outputs' to avoid re-running this script phase.\necho \"SUCCESS\" > \"${SCRIPT_OUTPUT_FILE_0}\"\n";
			showEnvVarsInLog = 0;
		};
/* End PBXShellScriptBuildPhase section */

/* Begin PBXSourcesBuildPhase section */
		05922793245F964800654A3E /* Sources */ = {
			isa = PBXSourcesBuildPhase;
			buildActionMask = 2147483647;
			files = (
				0592279F245F964800654A3E /* AjaxViewController.swift in Sources */,
				0592279B245F964800654A3E /* AppDelegate.swift in Sources */,
				058758742460F524004C956E /* WebSocketViewController.swift in Sources */,
				0592279D245F964800654A3E /* SceneDelegate.swift in Sources */,
			);
			runOnlyForDeploymentPostprocessing = 0;
		};
/* End PBXSourcesBuildPhase section */

/* Begin PBXVariantGroup section */
		059227A0245F964800654A3E /* Main.storyboard */ = {
			isa = PBXVariantGroup;
			children = (
				059227A1245F964800654A3E /* Base */,
			);
			name = Main.storyboard;
			sourceTree = "<group>";
		};
		059227A5245F964900654A3E /* LaunchScreen.storyboard */ = {
			isa = PBXVariantGroup;
			children = (
				059227A6245F964900654A3E /* Base */,
			);
			name = LaunchScreen.storyboard;
			sourceTree = "<group>";
		};
/* End PBXVariantGroup section */

/* Begin XCBuildConfiguration section */
		059227A9245F964900654A3E /* Debug */ = {
			isa = XCBuildConfiguration;
			buildSettings = {
				ALWAYS_SEARCH_USER_PATHS = NO;
				CLANG_ANALYZER_NONNULL = YES;
				CLANG_ANALYZER_NUMBER_OBJECT_CONVERSION = YES_AGGRESSIVE;
				CLANG_CXX_LANGUAGE_STANDARD = "gnu++14";
				CLANG_CXX_LIBRARY = "libc++";
				CLANG_ENABLE_MODULES = YES;
				CLANG_ENABLE_OBJC_ARC = YES;
				CLANG_ENABLE_OBJC_WEAK = YES;
				CLANG_WARN_BLOCK_CAPTURE_AUTORELEASING = YES;
				CLANG_WARN_BOOL_CONVERSION = YES;
				CLANG_WARN_COMMA = YES;
				CLANG_WARN_CONSTANT_CONVERSION = YES;
				CLANG_WARN_DEPRECATED_OBJC_IMPLEMENTATIONS = YES;
				CLANG_WARN_DIRECT_OBJC_ISA_USAGE = YES_ERROR;
				CLANG_WARN_DOCUMENTATION_COMMENTS = YES;
				CLANG_WARN_EMPTY_BODY = YES;
				CLANG_WARN_ENUM_CONVERSION = YES;
				CLANG_WARN_INFINITE_RECURSION = YES;
				CLANG_WARN_INT_CONVERSION = YES;
				CLANG_WARN_NON_LITERAL_NULL_CONVERSION = YES;
				CLANG_WARN_OBJC_IMPLICIT_RETAIN_SELF = YES;
				CLANG_WARN_OBJC_LITERAL_CONVERSION = YES;
				CLANG_WARN_OBJC_ROOT_CLASS = YES_ERROR;
				CLANG_WARN_RANGE_LOOP_ANALYSIS = YES;
				CLANG_WARN_STRICT_PROTOTYPES = YES;
				CLANG_WARN_SUSPICIOUS_MOVE = YES;
				CLANG_WARN_UNGUARDED_AVAILABILITY = YES_AGGRESSIVE;
				CLANG_WARN_UNREACHABLE_CODE = YES;
				CLANG_WARN__DUPLICATE_METHOD_MATCH = YES;
				COPY_PHASE_STRIP = NO;
				DEBUG_INFORMATION_FORMAT = dwarf;
				ENABLE_STRICT_OBJC_MSGSEND = YES;
				ENABLE_TESTABILITY = YES;
				GCC_C_LANGUAGE_STANDARD = gnu11;
				GCC_DYNAMIC_NO_PIC = NO;
				GCC_NO_COMMON_BLOCKS = YES;
				GCC_OPTIMIZATION_LEVEL = 0;
				GCC_PREPROCESSOR_DEFINITIONS = (
					"DEBUG=1",
					"$(inherited)",
				);
				GCC_WARN_64_TO_32_BIT_CONVERSION = YES;
				GCC_WARN_ABOUT_RETURN_TYPE = YES_ERROR;
				GCC_WARN_UNDECLARED_SELECTOR = YES;
				GCC_WARN_UNINITIALIZED_AUTOS = YES_AGGRESSIVE;
				GCC_WARN_UNUSED_FUNCTION = YES;
				GCC_WARN_UNUSED_VARIABLE = YES;
				IPHONEOS_DEPLOYMENT_TARGET = 13.4;
				MTL_ENABLE_DEBUG_INFO = INCLUDE_SOURCE;
				MTL_FAST_MATH = YES;
				ONLY_ACTIVE_ARCH = YES;
				SDKROOT = iphoneos;
				SWIFT_ACTIVE_COMPILATION_CONDITIONS = DEBUG;
				SWIFT_OPTIMIZATION_LEVEL = "-Onone";
			};
			name = Debug;
		};
		059227AA245F964900654A3E /* Release */ = {
			isa = XCBuildConfiguration;
			buildSettings = {
				ALWAYS_SEARCH_USER_PATHS = NO;
				CLANG_ANALYZER_NONNULL = YES;
				CLANG_ANALYZER_NUMBER_OBJECT_CONVERSION = YES_AGGRESSIVE;
				CLANG_CXX_LANGUAGE_STANDARD = "gnu++14";
				CLANG_CXX_LIBRARY = "libc++";
				CLANG_ENABLE_MODULES = YES;
				CLANG_ENABLE_OBJC_ARC = YES;
				CLANG_ENABLE_OBJC_WEAK = YES;
				CLANG_WARN_BLOCK_CAPTURE_AUTORELEASING = YES;
				CLANG_WARN_BOOL_CONVERSION = YES;
				CLANG_WARN_COMMA = YES;
				CLANG_WARN_CONSTANT_CONVERSION = YES;
				CLANG_WARN_DEPRECATED_OBJC_IMPLEMENTATIONS = YES;
				CLANG_WARN_DIRECT_OBJC_ISA_USAGE = YES_ERROR;
				CLANG_WARN_DOCUMENTATION_COMMENTS = YES;
				CLANG_WARN_EMPTY_BODY = YES;
				CLANG_WARN_ENUM_CONVERSION = YES;
				CLANG_WARN_INFINITE_RECURSION = YES;
				CLANG_WARN_INT_CONVERSION = YES;
				CLANG_WARN_NON_LITERAL_NULL_CONVERSION = YES;
				CLANG_WARN_OBJC_IMPLICIT_RETAIN_SELF = YES;
				CLANG_WARN_OBJC_LITERAL_CONVERSION = YES;
				CLANG_WARN_OBJC_ROOT_CLASS = YES_ERROR;
				CLANG_WARN_RANGE_LOOP_ANALYSIS = YES;
				CLANG_WARN_STRICT_PROTOTYPES = YES;
				CLANG_WARN_SUSPICIOUS_MOVE = YES;
				CLANG_WARN_UNGUARDED_AVAILABILITY = YES_AGGRESSIVE;
				CLANG_WARN_UNREACHABLE_CODE = YES;
				CLANG_WARN__DUPLICATE_METHOD_MATCH = YES;
				COPY_PHASE_STRIP = NO;
				DEBUG_INFORMATION_FORMAT = "dwarf-with-dsym";
				ENABLE_NS_ASSERTIONS = NO;
				ENABLE_STRICT_OBJC_MSGSEND = YES;
				GCC_C_LANGUAGE_STANDARD = gnu11;
				GCC_NO_COMMON_BLOCKS = YES;
				GCC_WARN_64_TO_32_BIT_CONVERSION = YES;
				GCC_WARN_ABOUT_RETURN_TYPE = YES_ERROR;
				GCC_WARN_UNDECLARED_SELECTOR = YES;
				GCC_WARN_UNINITIALIZED_AUTOS = YES_AGGRESSIVE;
				GCC_WARN_UNUSED_FUNCTION = YES;
				GCC_WARN_UNUSED_VARIABLE = YES;
				IPHONEOS_DEPLOYMENT_TARGET = 13.4;
				MTL_ENABLE_DEBUG_INFO = NO;
				MTL_FAST_MATH = YES;
				SDKROOT = iphoneos;
				SWIFT_COMPILATION_MODE = wholemodule;
				SWIFT_OPTIMIZATION_LEVEL = "-O";
				VALIDATE_PRODUCT = YES;
			};
			name = Release;
		};
		059227AC245F964900654A3E /* Debug */ = {
			isa = XCBuildConfiguration;
			baseConfigurationReference = 8FB79E81027581D10F1518F0 /* Pods-swiftNodeConnectionPractice.debug.xcconfig */;
			buildSettings = {
				ASSETCATALOG_COMPILER_APPICON_NAME = AppIcon;
				CODE_SIGN_STYLE = Automatic;
				DEVELOPMENT_TEAM = UMBT5JZV43;
				INFOPLIST_FILE = swiftNodeConnectionPractice/Info.plist;
				LD_RUNPATH_SEARCH_PATHS = (
					"$(inherited)",
					"@executable_path/Frameworks",
				);
				PRODUCT_BUNDLE_IDENTIFIER = com.example.kero0711tennis.swiftNodeConnectionPractice;
				PRODUCT_NAME = "$(TARGET_NAME)";
				SWIFT_VERSION = 5.0;
				TARGETED_DEVICE_FAMILY = "1,2";
			};
			name = Debug;
		};
		059227AD245F964900654A3E /* Release */ = {
			isa = XCBuildConfiguration;
			baseConfigurationReference = 25FEF4CD7FC4347EF2BBB8B4 /* Pods-swiftNodeConnectionPractice.release.xcconfig */;
			buildSettings = {
				ASSETCATALOG_COMPILER_APPICON_NAME = AppIcon;
				CODE_SIGN_STYLE = Automatic;
				DEVELOPMENT_TEAM = UMBT5JZV43;
				INFOPLIST_FILE = swiftNodeConnectionPractice/Info.plist;
				LD_RUNPATH_SEARCH_PATHS = (
					"$(inherited)",
					"@executable_path/Frameworks",
				);
				PRODUCT_BUNDLE_IDENTIFIER = com.example.kero0711tennis.swiftNodeConnectionPractice;
				PRODUCT_NAME = "$(TARGET_NAME)";
				SWIFT_VERSION = 5.0;
				TARGETED_DEVICE_FAMILY = "1,2";
			};
			name = Release;
		};
/* End XCBuildConfiguration section */

/* Begin XCConfigurationList section */
		05922792245F964800654A3E /* Build configuration list for PBXProject "swiftNodeConnectionPractice" */ = {
			isa = XCConfigurationList;
			buildConfigurations = (
				059227A9245F964900654A3E /* Debug */,
				059227AA245F964900654A3E /* Release */,
			);
			defaultConfigurationIsVisible = 0;
			defaultConfigurationName = Release;
		};
		059227AB245F964900654A3E /* Build configuration list for PBXNativeTarget "swiftNodeConnectionPractice" */ = {
			isa = XCConfigurationList;
			buildConfigurations = (
				059227AC245F964900654A3E /* Debug */,
				059227AD245F964900654A3E /* Release */,
			);
			defaultConfigurationIsVisible = 0;
			defaultConfigurationName = Release;
		};
/* End XCConfigurationList section */
	};
	rootObject = 0592278F245F964800654A3E /* Project object */;
}
